
Microsoft Visual Studio Solution File, Format Version 12.00
# Visual Studio 15
VisualStudioVersion = 15.0.27703.2000
MinimumVisualStudioVersion = 10.0.40219.1
Project("{FAE04EC0-301F-11D3-BF4B-00C04F79EFBC}") = "SSES_Program", "SSES_Program\SSES_Program.csproj", "{29507F5D-11E8-4754-849A-A758049BFBEE}"
EndProject
Project("{FAE04EC0-301F-11D3-BF4B-00C04F79EFBC}") = "DeviceAgents", "DeviceAgents\DeviceAgents.csproj", "{7E97CD59-6EB0-4C59-B436-9A92ECC6B6C6}"
EndProject
Project("{FAE04EC0-301F-11D3-BF4B-00C04F79EFBC}") = "EnergySolutions", "EnergySolutions\EnergySolutions.csproj", "{F9178BE8-E8E3-4A56-A1D7-8E846B980643}"
EndProject
Project("{FAE04EC0-301F-11D3-BF4B-00C04F79EFBC}") = "UpdateCreater", "UpdateCreater\UpdateCreater.csproj", "{0B38AED7-F99E-492A-BBD5-EBA98C194E16}"
EndProject
Project("{FAE04EC0-301F-11D3-BF4B-00C04F79EFBC}") = "ClientUpdater", "ClientUpdater\ClientUpdater.csproj", "{91825A62-676A-4ACA-95D6-5B61D71B455B}"
EndProject
Project("{54435603-DBB4-11D2-8724-00A0C9A8B90C}") = "GreenLock_nv", "GreenLock_nv\GreenLock_nv.vdproj", "{CEF769C5-8B98-4911-A64D-627C9575285D}"
EndProject
Global
	GlobalSection(SolutionConfigurationPlatforms) = preSolution
		CD_ROM|Any CPU = CD_ROM|Any CPU
		CD_ROM|Mixed Platforms = CD_ROM|Mixed Platforms
		CD_ROM|x86 = CD_ROM|x86
		Debug|Any CPU = Debug|Any CPU
		Debug|Mixed Platforms = Debug|Mixed Platforms
		Debug|x86 = Debug|x86
		DVD-5|Any CPU = DVD-5|Any CPU
		DVD-5|Mixed Platforms = DVD-5|Mixed Platforms
		DVD-5|x86 = DVD-5|x86
		nnv_Release|Any CPU = nnv_Release|Any CPU
		nnv_Release|Mixed Platforms = nnv_Release|Mixed Platforms
		nnv_Release|x86 = nnv_Release|x86
		nv_Relase|Any CPU = nv_Relase|Any CPU
		nv_Relase|Mixed Platforms = nv_Relase|Mixed Platforms
		nv_Relase|x86 = nv_Relase|x86
		Release|Any CPU = Release|Any CPU
		Release|Mixed Platforms = Release|Mixed Platforms
		Release|x86 = Release|x86
		SingleImage|Any CPU = SingleImage|Any CPU
		SingleImage|Mixed Platforms = SingleImage|Mixed Platforms
		SingleImage|x86 = SingleImage|x86
	EndGlobalSection
	GlobalSection(ProjectConfigurationPlatforms) = postSolution
		{29507F5D-11E8-4754-849A-A758049BFBEE}.CD_ROM|Any CPU.ActiveCfg = Release|Any CPU
		{29507F5D-11E8-4754-849A-A758049BFBEE}.CD_ROM|Any CPU.Build.0 = Release|Any CPU
		{29507F5D-11E8-4754-849A-A758049BFBEE}.CD_ROM|Mixed Platforms.ActiveCfg = Release|Any CPU
		{29507F5D-11E8-4754-849A-A758049BFBEE}.CD_ROM|Mixed Platforms.Build.0 = Release|Any CPU
		{29507F5D-11E8-4754-849A-A758049BFBEE}.CD_ROM|x86.ActiveCfg = Release|Any CPU
		{29507F5D-11E8-4754-849A-A758049BFBEE}.Debug|Any CPU.ActiveCfg = Debug|Any CPU
		{29507F5D-11E8-4754-849A-A758049BFBEE}.Debug|Any CPU.Build.0 = Debug|Any CPU
		{29507F5D-11E8-4754-849A-A758049BFBEE}.Debug|Mixed Platforms.ActiveCfg = Debug|Any CPU
		{29507F5D-11E8-4754-849A-A758049BFBEE}.Debug|Mixed Platforms.Build.0 = Debug|Any CPU
		{29507F5D-11E8-4754-849A-A758049BFBEE}.Debug|x86.ActiveCfg = Debug|Any CPU
		{29507F5D-11E8-4754-849A-A758049BFBEE}.DVD-5|Any CPU.ActiveCfg = Debug|Any CPU
		{29507F5D-11E8-4754-849A-A758049BFBEE}.DVD-5|Any CPU.Build.0 = Debug|Any CPU
		{29507F5D-11E8-4754-849A-A758049BFBEE}.DVD-5|Mixed Platforms.ActiveCfg = Debug|Any CPU
		{29507F5D-11E8-4754-849A-A758049BFBEE}.DVD-5|Mixed Platforms.Build.0 = Debug|Any CPU
		{29507F5D-11E8-4754-849A-A758049BFBEE}.DVD-5|x86.ActiveCfg = Debug|Any CPU
		{29507F5D-11E8-4754-849A-A758049BFBEE}.nnv_Release|Any CPU.ActiveCfg = nnv_Release|Any CPU
		{29507F5D-11E8-4754-849A-A758049BFBEE}.nnv_Release|Any CPU.Build.0 = nnv_Release|Any CPU
		{29507F5D-11E8-4754-849A-A758049BFBEE}.nnv_Release|Mixed Platforms.ActiveCfg = nnv_Release|Any CPU
		{29507F5D-11E8-4754-849A-A758049BFBEE}.nnv_Release|Mixed Platforms.Build.0 = nnv_Release|Any CPU
		{29507F5D-11E8-4754-849A-A758049BFBEE}.nnv_Release|x86.ActiveCfg = nnv_Release|Any CPU
		{29507F5D-11E8-4754-849A-A758049BFBEE}.nnv_Release|x86.Build.0 = nnv_Release|Any CPU
		{29507F5D-11E8-4754-849A-A758049BFBEE}.nv_Relase|Any CPU.ActiveCfg = nv_Relase|Any CPU
		{29507F5D-11E8-4754-849A-A758049BFBEE}.nv_Relase|Any CPU.Build.0 = nv_Relase|Any CPU
		{29507F5D-11E8-4754-849A-A758049BFBEE}.nv_Relase|Mixed Platforms.ActiveCfg = nv_Relase|Any CPU
		{29507F5D-11E8-4754-849A-A758049BFBEE}.nv_Relase|Mixed Platforms.Build.0 = nv_Relase|Any CPU
		{29507F5D-11E8-4754-849A-A758049BFBEE}.nv_Relase|x86.ActiveCfg = nv_Relase|Any CPU
		{29507F5D-11E8-4754-849A-A758049BFBEE}.nv_Relase|x86.Build.0 = nv_Relase|Any CPU
		{29507F5D-11E8-4754-849A-A758049BFBEE}.Release|Any CPU.ActiveCfg = Release|Any CPU
		{29507F5D-11E8-4754-849A-A758049BFBEE}.Release|Any CPU.Build.0 = Release|Any CPU
		{29507F5D-11E8-4754-849A-A758049BFBEE}.Release|Mixed Platforms.ActiveCfg = Release|Any CPU
		{29507F5D-11E8-4754-849A-A758049BFBEE}.Release|Mixed Platforms.Build.0 = Release|Any CPU
		{29507F5D-11E8-4754-849A-A758049BFBEE}.Release|x86.ActiveCfg = Release|Any CPU
		{29507F5D-11E8-4754-849A-A758049BFBEE}.SingleImage|Any CPU.ActiveCfg = Release|Any CPU
		{29507F5D-11E8-4754-849A-A758049BFBEE}.SingleImage|Any CPU.Build.0 = Release|Any CPU
		{29507F5D-11E8-4754-849A-A758049BFBEE}.SingleImage|Mixed Platforms.ActiveCfg = Release|Any CPU
		{29507F5D-11E8-4754-849A-A758049BFBEE}.SingleImage|Mixed Platforms.Build.0 = Release|Any CPU
		{29507F5D-11E8-4754-849A-A758049BFBEE}.SingleImage|x86.ActiveCfg = Release|Any CPU
		{7E97CD59-6EB0-4C59-B436-9A92ECC6B6C6}.CD_ROM|Any CPU.ActiveCfg = Release|Any CPU
		{7E97CD59-6EB0-4C59-B436-9A92ECC6B6C6}.CD_ROM|Any CPU.Build.0 = Release|Any CPU
		{7E97CD59-6EB0-4C59-B436-9A92ECC6B6C6}.CD_ROM|Mixed Platforms.ActiveCfg = Release|Any CPU
		{7E97CD59-6EB0-4C59-B436-9A92ECC6B6C6}.CD_ROM|Mixed Platforms.Build.0 = Release|Any CPU
		{7E97CD59-6EB0-4C59-B436-9A92ECC6B6C6}.CD_ROM|x86.ActiveCfg = Release|Any CPU
		{7E97CD59-6EB0-4C59-B436-9A92ECC6B6C6}.Debug|Any CPU.ActiveCfg = Debug|Any CPU
		{7E97CD59-6EB0-4C59-B436-9A92ECC6B6C6}.Debug|Any CPU.Build.0 = Debug|Any CPU
		{7E97CD59-6EB0-4C59-B436-9A92ECC6B6C6}.Debug|Mixed Platforms.ActiveCfg = Debug|Any CPU
		{7E97CD59-6EB0-4C59-B436-9A92ECC6B6C6}.Debug|Mixed Platforms.Build.0 = Debug|Any CPU
		{7E97CD59-6EB0-4C59-B436-9A92ECC6B6C6}.Debug|x86.ActiveCfg = Debug|Any CPU
		{7E97CD59-6EB0-4C59-B436-9A92ECC6B6C6}.DVD-5|Any CPU.ActiveCfg = Debug|Any CPU
		{7E97CD59-6EB0-4C59-B436-9A92ECC6B6C6}.DVD-5|Any CPU.Build.0 = Debug|Any CPU
		{7E97CD59-6EB0-4C59-B436-9A92ECC6B6C6}.DVD-5|Mixed Platforms.ActiveCfg = Debug|Any CPU
		{7E97CD59-6EB0-4C59-B436-9A92ECC6B6C6}.DVD-5|Mixed Platforms.Build.0 = Debug|Any CPU
		{7E97CD59-6EB0-4C59-B436-9A92ECC6B6C6}.DVD-5|x86.ActiveCfg = Debug|Any CPU
		{7E97CD59-6EB0-4C59-B436-9A92ECC6B6C6}.nnv_Release|Any CPU.ActiveCfg = nnv_Release|Any CPU
		{7E97CD59-6EB0-4C59-B436-9A92ECC6B6C6}.nnv_Release|Any CPU.Build.0 = nnv_Release|Any CPU
		{7E97CD59-6EB0-4C59-B436-9A92ECC6B6C6}.nnv_Release|Mixed Platforms.ActiveCfg = nnv_Release|Any CPU
		{7E97CD59-6EB0-4C59-B436-9A92ECC6B6C6}.nnv_Release|Mixed Platforms.Build.0 = nnv_Release|Any CPU
		{7E97CD59-6EB0-4C59-B436-9A92ECC6B6C6}.nnv_Release|x86.ActiveCfg = nnv_Release|Any CPU
		{7E97CD59-6EB0-4C59-B436-9A92ECC6B6C6}.nnv_Release|x86.Build.0 = nnv_Release|Any CPU
		{7E97CD59-6EB0-4C59-B436-9A92ECC6B6C6}.nv_Relase|Any CPU.ActiveCfg = nv_Relase|Any CPU
		{7E97CD59-6EB0-4C59-B436-9A92ECC6B6C6}.nv_Relase|Any CPU.Build.0 = nv_Relase|Any CPU
		{7E97CD59-6EB0-4C59-B436-9A92ECC6B6C6}.nv_Relase|Mixed Platforms.ActiveCfg = nv_Relase|Any CPU
		{7E97CD59-6EB0-4C59-B436-9A92ECC6B6C6}.nv_Relase|Mixed Platforms.Build.0 = nv_Relase|Any CPU
		{7E97CD59-6EB0-4C59-B436-9A92ECC6B6C6}.nv_Relase|x86.ActiveCfg = nv_Relase|Any CPU
		{7E97CD59-6EB0-4C59-B436-9A92ECC6B6C6}.nv_Relase|x86.Build.0 = nv_Relase|Any CPU
		{7E97CD59-6EB0-4C59-B436-9A92ECC6B6C6}.Release|Any CPU.ActiveCfg = Release|Any CPU
		{7E97CD59-6EB0-4C59-B436-9A92ECC6B6C6}.Release|Any CPU.Build.0 = Release|Any CPU
		{7E97CD59-6EB0-4C59-B436-9A92ECC6B6C6}.Release|Mixed Platforms.ActiveCfg = Release|Any CPU
		{7E97CD59-6EB0-4C59-B436-9A92ECC6B6C6}.Release|Mixed Platforms.Build.0 = Release|Any CPU
		{7E97CD59-6EB0-4C59-B436-9A92ECC6B6C6}.Release|x86.ActiveCfg = Release|Any CPU
		{7E97CD59-6EB0-4C59-B436-9A92ECC6B6C6}.SingleImage|Any CPU.ActiveCfg = Release|Any CPU
		{7E97CD59-6EB0-4C59-B436-9A92ECC6B6C6}.SingleImage|Any CPU.Build.0 = Release|Any CPU
		{7E97CD59-6EB0-4C59-B436-9A92ECC6B6C6}.SingleImage|Mixed Platforms.ActiveCfg = Release|Any CPU
		{7E97CD59-6EB0-4C59-B436-9A92ECC6B6C6}.SingleImage|Mixed Platforms.Build.0 = Release|Any CPU
		{7E97CD59-6EB0-4C59-B436-9A92ECC6B6C6}.SingleImage|x86.ActiveCfg = Release|Any CPU
		{F9178BE8-E8E3-4A56-A1D7-8E846B980643}.CD_ROM|Any CPU.ActiveCfg = Release|Any CPU
		{F9178BE8-E8E3-4A56-A1D7-8E846B980643}.CD_ROM|Any CPU.Build.0 = Release|Any CPU
		{F9178BE8-E8E3-4A56-A1D7-8E846B980643}.CD_ROM|Mixed Platforms.ActiveCfg = Release|Any CPU
		{F9178BE8-E8E3-4A56-A1D7-8E846B980643}.CD_ROM|Mixed Platforms.Build.0 = Release|Any CPU
		{F9178BE8-E8E3-4A56-A1D7-8E846B980643}.CD_ROM|x86.ActiveCfg = Release|Any CPU
		{F9178BE8-E8E3-4A56-A1D7-8E846B980643}.Debug|Any CPU.ActiveCfg = Debug|Any CPU
		{F9178BE8-E8E3-4A56-A1D7-8E846B980643}.Debug|Any CPU.Build.0 = Debug|Any CPU
		{F9178BE8-E8E3-4A56-A1D7-8E846B980643}.Debug|Mixed Platforms.ActiveCfg = Debug|Any CPU
		{F9178BE8-E8E3-4A56-A1D7-8E846B980643}.Debug|Mixed Platforms.Build.0 = Debug|Any CPU
		{F9178BE8-E8E3-4A56-A1D7-8E846B980643}.Debug|x86.ActiveCfg = Debug|Any CPU
		{F9178BE8-E8E3-4A56-A1D7-8E846B980643}.DVD-5|Any CPU.ActiveCfg = Debug|Any CPU
		{F9178BE8-E8E3-4A56-A1D7-8E846B980643}.DVD-5|Any CPU.Build.0 = Debug|Any CPU
		{F9178BE8-E8E3-4A56-A1D7-8E846B980643}.DVD-5|Mixed Platforms.ActiveCfg = Debug|Any CPU
		{F9178BE8-E8E3-4A56-A1D7-8E846B980643}.DVD-5|Mixed Platforms.Build.0 = Debug|Any CPU
		{F9178BE8-E8E3-4A56-A1D7-8E846B980643}.DVD-5|x86.ActiveCfg = Debug|Any CPU
		{F9178BE8-E8E3-4A56-A1D7-8E846B980643}.nnv_Release|Any CPU.ActiveCfg = nnv_Release|Any CPU
		{F9178BE8-E8E3-4A56-A1D7-8E846B980643}.nnv_Release|Any CPU.Build.0 = nnv_Release|Any CPU
		{F9178BE8-E8E3-4A56-A1D7-8E846B980643}.nnv_Release|Mixed Platforms.ActiveCfg = nnv_Release|Any CPU
		{F9178BE8-E8E3-4A56-A1D7-8E846B980643}.nnv_Release|Mixed Platforms.Build.0 = nnv_Release|Any CPU
		{F9178BE8-E8E3-4A56-A1D7-8E846B980643}.nnv_Release|x86.ActiveCfg = nnv_Release|Any CPU
		{F9178BE8-E8E3-4A56-A1D7-8E846B980643}.nnv_Release|x86.Build.0 = nnv_Release|Any CPU
		{F9178BE8-E8E3-4A56-A1D7-8E846B980643}.nv_Relase|Any CPU.ActiveCfg = nv_Relase|Any CPU
		{F9178BE8-E8E3-4A56-A1D7-8E846B980643}.nv_Relase|Any CPU.Build.0 = nv_Relase|Any CPU
		{F9178BE8-E8E3-4A56-A1D7-8E846B980643}.nv_Relase|Mixed Platforms.ActiveCfg = nv_Relase|Any CPU
		{F9178BE8-E8E3-4A56-A1D7-8E846B980643}.nv_Relase|Mixed Platforms.Build.0 = nv_Relase|Any CPU
		{F9178BE8-E8E3-4A56-A1D7-8E846B980643}.nv_Relase|x86.ActiveCfg = nv_Relase|Any CPU
		{F9178BE8-E8E3-4A56-A1D7-8E846B980643}.nv_Relase|x86.Build.0 = nv_Relase|Any CPU
		{F9178BE8-E8E3-4A56-A1D7-8E846B980643}.Release|Any CPU.ActiveCfg = Release|Any CPU
		{F9178BE8-E8E3-4A56-A1D7-8E846B980643}.Release|Any CPU.Build.0 = Release|Any CPU
		{F9178BE8-E8E3-4A56-A1D7-8E846B980643}.Release|Mixed Platforms.ActiveCfg = Release|Any CPU
		{F9178BE8-E8E3-4A56-A1D7-8E846B980643}.Release|Mixed Platforms.Build.0 = Release|Any CPU
		{F9178BE8-E8E3-4A56-A1D7-8E846B980643}.Release|x86.ActiveCfg = Release|Any CPU
		{F9178BE8-E8E3-4A56-A1D7-8E846B980643}.SingleImage|Any CPU.ActiveCfg = Release|Any CPU
		{F9178BE8-E8E3-4A56-A1D7-8E846B980643}.SingleImage|Any CPU.Build.0 = Release|Any CPU
		{F9178BE8-E8E3-4A56-A1D7-8E846B980643}.SingleImage|Mixed Platforms.ActiveCfg = Release|Any CPU
		{F9178BE8-E8E3-4A56-A1D7-8E846B980643}.SingleImage|Mixed Platforms.Build.0 = Release|Any CPU
		{F9178BE8-E8E3-4A56-A1D7-8E846B980643}.SingleImage|x86.ActiveCfg = Release|Any CPU
		{0B38AED7-F99E-492A-BBD5-EBA98C194E16}.CD_ROM|Any CPU.ActiveCfg = Release|Any CPU
		{0B38AED7-F99E-492A-BBD5-EBA98C194E16}.CD_ROM|Any CPU.Build.0 = Release|Any CPU
		{0B38AED7-F99E-492A-BBD5-EBA98C194E16}.CD_ROM|Mixed Platforms.ActiveCfg = Release|Any CPU
		{0B38AED7-F99E-492A-BBD5-EBA98C194E16}.CD_ROM|Mixed Platforms.Build.0 = Release|Any CPU
		{0B38AED7-F99E-492A-BBD5-EBA98C194E16}.CD_ROM|x86.ActiveCfg = Release|Any CPU
		{0B38AED7-F99E-492A-BBD5-EBA98C194E16}.Debug|Any CPU.ActiveCfg = Debug|Any CPU
		{0B38AED7-F99E-492A-BBD5-EBA98C194E16}.Debug|Any CPU.Build.0 = Debug|Any CPU
		{0B38AED7-F99E-492A-BBD5-EBA98C194E16}.Debug|Mixed Platforms.ActiveCfg = Debug|Any CPU
		{0B38AED7-F99E-492A-BBD5-EBA98C194E16}.Debug|Mixed Platforms.Build.0 = Debug|Any CPU
		{0B38AED7-F99E-492A-BBD5-EBA98C194E16}.Debug|x86.ActiveCfg = Debug|Any CPU
		{0B38AED7-F99E-492A-BBD5-EBA98C194E16}.DVD-5|Any CPU.ActiveCfg = Debug|Any CPU
		{0B38AED7-F99E-492A-BBD5-EBA98C194E16}.DVD-5|Any CPU.Build.0 = Debug|Any CPU
		{0B38AED7-F99E-492A-BBD5-EBA98C194E16}.DVD-5|Mixed Platforms.ActiveCfg = Debug|Any CPU
		{0B38AED7-F99E-492A-BBD5-EBA98C194E16}.DVD-5|Mixed Platforms.Build.0 = Debug|Any CPU
		{0B38AED7-F99E-492A-BBD5-EBA98C194E16}.DVD-5|x86.ActiveCfg = Debug|Any CPU
		{0B38AED7-F99E-492A-BBD5-EBA98C194E16}.nnv_Release|Any CPU.ActiveCfg = nnv_Release|Any CPU
		{0B38AED7-F99E-492A-BBD5-EBA98C194E16}.nnv_Release|Any CPU.Build.0 = nnv_Release|Any CPU
		{0B38AED7-F99E-492A-BBD5-EBA98C194E16}.nnv_Release|Mixed Platforms.ActiveCfg = nnv_Release|Any CPU
		{0B38AED7-F99E-492A-BBD5-EBA98C194E16}.nnv_Release|Mixed Platforms.Build.0 = nnv_Release|Any CPU
		{0B38AED7-F99E-492A-BBD5-EBA98C194E16}.nnv_Release|x86.ActiveCfg = nnv_Release|Any CPU
		{0B38AED7-F99E-492A-BBD5-EBA98C194E16}.nnv_Release|x86.Build.0 = nnv_Release|Any CPU
		{0B38AED7-F99E-492A-BBD5-EBA98C194E16}.nv_Relase|Any CPU.ActiveCfg = nv_Relase|Any CPU
		{0B38AED7-F99E-492A-BBD5-EBA98C194E16}.nv_Relase|Any CPU.Build.0 = nv_Relase|Any CPU
		{0B38AED7-F99E-492A-BBD5-EBA98C194E16}.nv_Relase|Mixed Platforms.ActiveCfg = nv_Relase|Any CPU
		{0B38AED7-F99E-492A-BBD5-EBA98C194E16}.nv_Relase|Mixed Platforms.Build.0 = nv_Relase|Any CPU
		{0B38AED7-F99E-492A-BBD5-EBA98C194E16}.nv_Relase|x86.ActiveCfg = nv_Relase|Any CPU
		{0B38AED7-F99E-492A-BBD5-EBA98C194E16}.nv_Relase|x86.Build.0 = nv_Relase|Any CPU
		{0B38AED7-F99E-492A-BBD5-EBA98C194E16}.Release|Any CPU.ActiveCfg = Release|Any CPU
		{0B38AED7-F99E-492A-BBD5-EBA98C194E16}.Release|Any CPU.Build.0 = Release|Any CPU
		{0B38AED7-F99E-492A-BBD5-EBA98C194E16}.Release|Mixed Platforms.ActiveCfg = Release|Any CPU
		{0B38AED7-F99E-492A-BBD5-EBA98C194E16}.Release|Mixed Platforms.Build.0 = Release|Any CPU
		{0B38AED7-F99E-492A-BBD5-EBA98C194E16}.Release|x86.ActiveCfg = Release|Any CPU
		{0B38AED7-F99E-492A-BBD5-EBA98C194E16}.SingleImage|Any CPU.ActiveCfg = Release|Any CPU
		{0B38AED7-F99E-492A-BBD5-EBA98C194E16}.SingleImage|Any CPU.Build.0 = Release|Any CPU
		{0B38AED7-F99E-492A-BBD5-EBA98C194E16}.SingleImage|Mixed Platforms.ActiveCfg = Release|Any CPU
		{0B38AED7-F99E-492A-BBD5-EBA98C194E16}.SingleImage|Mixed Platforms.Build.0 = Release|Any CPU
		{0B38AED7-F99E-492A-BBD5-EBA98C194E16}.SingleImage|x86.ActiveCfg = Release|Any CPU
		{91825A62-676A-4ACA-95D6-5B61D71B455B}.CD_ROM|Any CPU.ActiveCfg = Release|Any CPU
		{91825A62-676A-4ACA-95D6-5B61D71B455B}.CD_ROM|Any CPU.Build.0 = Release|Any CPU
		{91825A62-676A-4ACA-95D6-5B61D71B455B}.CD_ROM|Mixed Platforms.ActiveCfg = Release|Any CPU
		{91825A62-676A-4ACA-95D6-5B61D71B455B}.CD_ROM|Mixed Platforms.Build.0 = Release|Any CPU
		{91825A62-676A-4ACA-95D6-5B61D71B455B}.CD_ROM|x86.ActiveCfg = Release|Any CPU
		{91825A62-676A-4ACA-95D6-5B61D71B455B}.Debug|Any CPU.ActiveCfg = Debug|Any CPU
		{91825A62-676A-4ACA-95D6-5B61D71B455B}.Debug|Any CPU.Build.0 = Debug|Any CPU
		{91825A62-676A-4ACA-95D6-5B61D71B455B}.Debug|Mixed Platforms.ActiveCfg = Debug|Any CPU
		{91825A62-676A-4ACA-95D6-5B61D71B455B}.Debug|Mixed Platforms.Build.0 = Debug|Any CPU
		{91825A62-676A-4ACA-95D6-5B61D71B455B}.Debug|x86.ActiveCfg = Debug|Any CPU
		{91825A62-676A-4ACA-95D6-5B61D71B455B}.DVD-5|Any CPU.ActiveCfg = Debug|Any CPU
		{91825A62-676A-4ACA-95D6-5B61D71B455B}.DVD-5|Any CPU.Build.0 = Debug|Any CPU
		{91825A62-676A-4ACA-95D6-5B61D71B455B}.DVD-5|Mixed Platforms.ActiveCfg = Debug|Any CPU
		{91825A62-676A-4ACA-95D6-5B61D71B455B}.DVD-5|Mixed Platforms.Build.0 = Debug|Any CPU
		{91825A62-676A-4ACA-95D6-5B61D71B455B}.DVD-5|x86.ActiveCfg = Debug|Any CPU
		{91825A62-676A-4ACA-95D6-5B61D71B455B}.nnv_Release|Any CPU.ActiveCfg = nnv_Release|Any CPU
		{91825A62-676A-4ACA-95D6-5B61D71B455B}.nnv_Release|Any CPU.Build.0 = nnv_Release|Any CPU
		{91825A62-676A-4ACA-95D6-5B61D71B455B}.nnv_Release|Mixed Platforms.ActiveCfg = nnv_Release|Any CPU
		{91825A62-676A-4ACA-95D6-5B61D71B455B}.nnv_Release|Mixed Platforms.Build.0 = nnv_Release|Any CPU
		{91825A62-676A-4ACA-95D6-5B61D71B455B}.nnv_Release|x86.ActiveCfg = nnv_Release|Any CPU
		{91825A62-676A-4ACA-95D6-5B61D71B455B}.nnv_Release|x86.Build.0 = nnv_Release|Any CPU
		{91825A62-676A-4ACA-95D6-5B61D71B455B}.nv_Relase|Any CPU.ActiveCfg = nv_Relase|Any CPU
		{91825A62-676A-4ACA-95D6-5B61D71B455B}.nv_Relase|Any CPU.Build.0 = nv_Relase|Any CPU
		{91825A62-676A-4ACA-95D6-5B61D71B455B}.nv_Relase|Mixed Platforms.ActiveCfg = nv_Relase|Any CPU
		{91825A62-676A-4ACA-95D6-5B61D71B455B}.nv_Relase|Mixed Platforms.Build.0 = nv_Relase|Any CPU
		{91825A62-676A-4ACA-95D6-5B61D71B455B}.nv_Relase|x86.ActiveCfg = nv_Relase|Any CPU
		{91825A62-676A-4ACA-95D6-5B61D71B455B}.nv_Relase|x86.Build.0 = nv_Relase|Any CPU
		{91825A62-676A-4ACA-95D6-5B61D71B455B}.Release|Any CPU.ActiveCfg = Release|Any CPU
		{91825A62-676A-4ACA-95D6-5B61D71B455B}.Release|Any CPU.Build.0 = Release|Any CPU
		{91825A62-676A-4ACA-95D6-5B61D71B455B}.Release|Mixed Platforms.ActiveCfg = Release|Any CPU
		{91825A62-676A-4ACA-95D6-5B61D71B455B}.Release|Mixed Platforms.Build.0 = Release|Any CPU
		{91825A62-676A-4ACA-95D6-5B61D71B455B}.Release|x86.ActiveCfg = Release|Any CPU
		{91825A62-676A-4ACA-95D6-5B61D71B455B}.SingleImage|Any CPU.ActiveCfg = Release|Any CPU
		{91825A62-676A-4ACA-95D6-5B61D71B455B}.SingleImage|Any CPU.Build.0 = Release|Any CPU
		{91825A62-676A-4ACA-95D6-5B61D71B455B}.SingleImage|Mixed Platforms.ActiveCfg = Release|Any CPU
		{91825A62-676A-4ACA-95D6-5B61D71B455B}.SingleImage|Mixed Platforms.Build.0 = Release|Any CPU
		{91825A62-676A-4ACA-95D6-5B61D71B455B}.SingleImage|x86.ActiveCfg = Release|Any CPU
		{CEF769C5-8B98-4911-A64D-627C9575285D}.CD_ROM|Any CPU.ActiveCfg = Release
		{CEF769C5-8B98-4911-A64D-627C9575285D}.CD_ROM|Mixed Platforms.ActiveCfg = Release
		{CEF769C5-8B98-4911-A64D-627C9575285D}.CD_ROM|x86.ActiveCfg = Release
		{CEF769C5-8B98-4911-A64D-627C9575285D}.Debug|Any CPU.ActiveCfg = Debug
		{CEF769C5-8B98-4911-A64D-627C9575285D}.Debug|Mixed Platforms.ActiveCfg = Debug
		{CEF769C5-8B98-4911-A64D-627C9575285D}.Debug|x86.ActiveCfg = Debug
		{CEF769C5-8B98-4911-A64D-627C9575285D}.DVD-5|Any CPU.ActiveCfg = Debug
		{CEF769C5-8B98-4911-A64D-627C9575285D}.DVD-5|Mixed Platforms.ActiveCfg = Debug
		{CEF769C5-8B98-4911-A64D-627C9575285D}.DVD-5|x86.ActiveCfg = Debug
		{CEF769C5-8B98-4911-A64D-627C9575285D}.nnv_Release|Any CPU.ActiveCfg = Release
		{CEF769C5-8B98-4911-A64D-627C9575285D}.nnv_Release|Mixed Platforms.ActiveCfg = Release
		{CEF769C5-8B98-4911-A64D-627C9575285D}.nnv_Release|x86.ActiveCfg = Release
		{CEF769C5-8B98-4911-A64D-627C9575285D}.nv_Relase|Any CPU.ActiveCfg = Release
		{CEF769C5-8B98-4911-A64D-627C9575285D}.nv_Relase|Mixed Platforms.ActiveCfg = Release
		{CEF769C5-8B98-4911-A64D-627C9575285D}.nv_Relase|x86.ActiveCfg = Release
		{CEF769C5-8B98-4911-A64D-627C9575285D}.Release|Any CPU.ActiveCfg = Release
		{CEF769C5-8B98-4911-A64D-627C9575285D}.Release|Mixed Platforms.ActiveCfg = Release
		{CEF769C5-8B98-4911-A64D-627C9575285D}.Release|x86.ActiveCfg = Release
		{CEF769C5-8B98-4911-A64D-627C9575285D}.SingleImage|Any CPU.ActiveCfg = Release
		{CEF769C5-8B98-4911-A64D-627C9575285D}.SingleImage|Mixed Platforms.ActiveCfg = Release
		{CEF769C5-8B98-4911-A64D-627C9575285D}.SingleImage|x86.ActiveCfg = Release
	EndGlobalSection
	GlobalSection(SolutionProperties) = preSolution
		HideSolutionNode = FALSE
	EndGlobalSection
	GlobalSection(ExtensibilityGlobals) = postSolution
		SolutionGuid = {A5562B5D-6AA3-43A7-B3F0-A99BCB06078F}
	EndGlobalSection
EndGlobal
